
Microsoft Visual Studio Solution File, Format Version 12.00
# Visual Studio 15
VisualStudioVersion = 15.0.28307.779
MinimumVisualStudioVersion = 10.0.40219.1
Project("{FAE04EC0-301F-11D3-BF4B-00C04F79EFBC}") = "kato.comparer.lib", "kato.comparer.lib\kato.comparer.lib.csproj", "{BDCF4556-D631-4235-BFB7-5860B4D3684B}"
EndProject
Global
	GlobalSection(SolutionConfigurationPlatforms) = preSolution
		Debug|Any CPU = Debug|Any CPU
		Release|Any CPU = Release|Any CPU
	EndGlobalSection
	GlobalSection(ProjectConfigurationPlatforms) = postSolution
		{BDCF4556-D631-4235-BFB7-5860B4D3684B}.Debug|Any CPU.ActiveCfg = Debug|Any CPU
		{BDCF4556-D631-4235-BFB7-5860B4D3684B}.Debug|Any CPU.Build.0 = Debug|Any CPU
		{BDCF4556-D631-4235-BFB7-5860B4D3684B}.Release|Any CPU.ActiveCfg = Release|Any CPU
		{BDCF4556-D631-4235-BFB7-5860B4D3684B}.Release|Any CPU.Build.0 = Release|Any CPU
	EndGlobalSection
	GlobalSection(SolutionProperties) = preSolution
		HideSolutionNode = FALSE
	EndGlobalSection
	GlobalSection(ExtensibilityGlobals) = postSolution
		SolutionGuid = {2AE72CE6-545A-47CA-8C9D-F131B9FE911E}
	EndGlobalSection
EndGlobal
